
Microsoft Visual Studio Solution File, Format Version 12.00
# Visual Studio Version 16
VisualStudioVersion = 16.0.32602.291
MinimumVisualStudioVersion = 10.0.40219.1
Project("{FAE04EC0-301F-11D3-BF4B-00C04F79EFBC}") = "WindowsFormsApp1_DERS11", "WindowsFormsApp1_DERS11\WindowsFormsApp1_DERS11.csproj", "{008BB1FB-954A-4F26-BBE9-5F435B90FDF8}"
EndProject
Project("{FAE04EC0-301F-11D3-BF4B-00C04F79EFBC}") = "WindowsFormsApp1_EF02_03", "WindowsFormsApp1_EF02_03\WindowsFormsApp1_EF02_03.csproj", "{29AF5307-74F8-458B-AF9E-BA94530D2244}"
EndProject
Global
	GlobalSection(SolutionConfigurationPlatforms) = preSolution
		Debug|Any CPU = Debug|Any CPU
		Release|Any CPU = Release|Any CPU
	EndGlobalSection
	GlobalSection(ProjectConfigurationPlatforms) = postSolution
		{008BB1FB-954A-4F26-BBE9-5F435B90FDF8}.Debug|Any CPU.ActiveCfg = Debug|Any CPU
		{008BB1FB-954A-4F26-BBE9-5F435B90FDF8}.Debug|Any CPU.Build.0 = Debug|Any CPU
		{008BB1FB-954A-4F26-BBE9-5F435B90FDF8}.Release|Any CPU.ActiveCfg = Release|Any CPU
		{008BB1FB-954A-4F26-BBE9-5F435B90FDF8}.Release|Any CPU.Build.0 = Release|Any CPU
		{29AF5307-74F8-458B-AF9E-BA94530D2244}.Debug|Any CPU.ActiveCfg = Debug|Any CPU
		{29AF5307-74F8-458B-AF9E-BA94530D2244}.Debug|Any CPU.Build.0 = Debug|Any CPU
		{29AF5307-74F8-458B-AF9E-BA94530D2244}.Release|Any CPU.ActiveCfg = Release|Any CPU
		{29AF5307-74F8-458B-AF9E-BA94530D2244}.Release|Any CPU.Build.0 = Release|Any CPU
	EndGlobalSection
	GlobalSection(SolutionProperties) = preSolution
		HideSolutionNode = FALSE
	EndGlobalSection
	GlobalSection(ExtensibilityGlobals) = postSolution
		SolutionGuid = {7BE07C59-5FBD-4708-9D7F-48CBDAB31EBA}
	EndGlobalSection
EndGlobal
